// !$*UTF8*$!
{
	archiveVersion = 1;
	classes = {
	};
	objectVersion = 51;
	objects = {

/* Begin PBXBuildFile section */
		0438DE791598B924CD66E77C /* Pods_Cap.framework in Frameworks */ = {isa = PBXBuildFile; fileRef = 1D677971B9B4213ECA0DBF25 /* Pods_Cap.framework */; };
		7259F580AEB10E7802356341 /* Pods_CapTests.framework in Frameworks */ = {isa = PBXBuildFile; fileRef = 44E30078E8E2FE1A2DD69105 /* Pods_CapTests.framework */; };
		83783C27240E36FF0053BE3F /* CameraViewController.swift in Sources */ = {isa = PBXBuildFile; fileRef = 83783C26240E36FF0053BE3F /* CameraViewController.swift */; };
		83783C29240E55360053BE3F /* PostCell.swift in Sources */ = {isa = PBXBuildFile; fileRef = 83783C28240E55360053BE3F /* PostCell.swift */; };
		83C7C531240A573B000AF6F5 /* AppDelegate.swift in Sources */ = {isa = PBXBuildFile; fileRef = 83C7C530240A573B000AF6F5 /* AppDelegate.swift */; };
		83C7C533240A573B000AF6F5 /* SceneDelegate.swift in Sources */ = {isa = PBXBuildFile; fileRef = 83C7C532240A573B000AF6F5 /* SceneDelegate.swift */; };
		83C7C538240A573B000AF6F5 /* Main.storyboard in Resources */ = {isa = PBXBuildFile; fileRef = 83C7C536240A573B000AF6F5 /* Main.storyboard */; };
		83C7C53A240A573D000AF6F5 /* Assets.xcassets in Resources */ = {isa = PBXBuildFile; fileRef = 83C7C539240A573D000AF6F5 /* Assets.xcassets */; };
		83C7C53D240A573D000AF6F5 /* LaunchScreen.storyboard in Resources */ = {isa = PBXBuildFile; fileRef = 83C7C53B240A573D000AF6F5 /* LaunchScreen.storyboard */; };
		83C7C548240A573D000AF6F5 /* CapTests.swift in Sources */ = {isa = PBXBuildFile; fileRef = 83C7C547240A573D000AF6F5 /* CapTests.swift */; };
		83C7C553240A573D000AF6F5 /* CapUITests.swift in Sources */ = {isa = PBXBuildFile; fileRef = 83C7C552240A573D000AF6F5 /* CapUITests.swift */; };
		83C7C563240A5A85000AF6F5 /* FeedViewController.swift in Sources */ = {isa = PBXBuildFile; fileRef = 83C7C562240A5A85000AF6F5 /* FeedViewController.swift */; };
		83C7C567240A601C000AF6F5 /* LoginViewController.swift in Sources */ = {isa = PBXBuildFile; fileRef = 83C7C566240A601C000AF6F5 /* LoginViewController.swift */; };
		9860F75A350AB83E451CABAB /* Pods_Cap_CapUITests.framework in Frameworks */ = {isa = PBXBuildFile; fileRef = 0AE213C34F8A6A459168C149 /* Pods_Cap_CapUITests.framework */; };
/* End PBXBuildFile section */

/* Begin PBXContainerItemProxy section */
		83C7C544240A573D000AF6F5 /* PBXContainerItemProxy */ = {
			isa = PBXContainerItemProxy;
			containerPortal = 83C7C525240A573B000AF6F5 /* Project object */;
			proxyType = 1;
			remoteGlobalIDString = 83C7C52C240A573B000AF6F5;
			remoteInfo = Cap;
		};
		83C7C54F240A573D000AF6F5 /* PBXContainerItemProxy */ = {
			isa = PBXContainerItemProxy;
			containerPortal = 83C7C525240A573B000AF6F5 /* Project object */;
			proxyType = 1;
			remoteGlobalIDString = 83C7C52C240A573B000AF6F5;
			remoteInfo = Cap;
		};
/* End PBXContainerItemProxy section */

/* Begin PBXFileReference section */
		0AE213C34F8A6A459168C149 /* Pods_Cap_CapUITests.framework */ = {isa = PBXFileReference; explicitFileType = wrapper.framework; includeInIndex = 0; path = Pods_Cap_CapUITests.framework; sourceTree = BUILT_PRODUCTS_DIR; };
		1D677971B9B4213ECA0DBF25 /* Pods_Cap.framework */ = {isa = PBXFileReference; explicitFileType = wrapper.framework; includeInIndex = 0; path = Pods_Cap.framework; sourceTree = BUILT_PRODUCTS_DIR; };
		1DB09CE7E608C04A050F698A /* Pods-Cap-CapUITests.debug.xcconfig */ = {isa = PBXFileReference; includeInIndex = 1; lastKnownFileType = text.xcconfig; name = "Pods-Cap-CapUITests.debug.xcconfig"; path = "Target Support Files/Pods-Cap-CapUITests/Pods-Cap-CapUITests.debug.xcconfig"; sourceTree = "<group>"; };
		29E75E352E586F6739632989 /* Pods-CapTests.debug.xcconfig */ = {isa = PBXFileReference; includeInIndex = 1; lastKnownFileType = text.xcconfig; name = "Pods-CapTests.debug.xcconfig"; path = "Target Support Files/Pods-CapTests/Pods-CapTests.debug.xcconfig"; sourceTree = "<group>"; };
		3DD93F7ED2BCB3A043472A97 /* Pods-Cap.release.xcconfig */ = {isa = PBXFileReference; includeInIndex = 1; lastKnownFileType = text.xcconfig; name = "Pods-Cap.release.xcconfig"; path = "Target Support Files/Pods-Cap/Pods-Cap.release.xcconfig"; sourceTree = "<group>"; };
		44E30078E8E2FE1A2DD69105 /* Pods_CapTests.framework */ = {isa = PBXFileReference; explicitFileType = wrapper.framework; includeInIndex = 0; path = Pods_CapTests.framework; sourceTree = BUILT_PRODUCTS_DIR; };
		4D2EF46F512D3D3F390C9318 /* Pods-CapTests.release.xcconfig */ = {isa = PBXFileReference; includeInIndex = 1; lastKnownFileType = text.xcconfig; name = "Pods-CapTests.release.xcconfig"; path = "Target Support Files/Pods-CapTests/Pods-CapTests.release.xcconfig"; sourceTree = "<group>"; };
		51B7783E85986B15F1CE6A42 /* Pods-Cap-CapUITests.release.xcconfig */ = {isa = PBXFileReference; includeInIndex = 1; lastKnownFileType = text.xcconfig; name = "Pods-Cap-CapUITests.release.xcconfig"; path = "Target Support Files/Pods-Cap-CapUITests/Pods-Cap-CapUITests.release.xcconfig"; sourceTree = "<group>"; };
		830C34AE2412CA4500D8289E /* Cap.entitlements */ = {isa = PBXFileReference; lastKnownFileType = text.plist.entitlements; path = Cap.entitlements; sourceTree = "<group>"; };
		83783C26240E36FF0053BE3F /* CameraViewController.swift */ = {isa = PBXFileReference; lastKnownFileType = sourcecode.swift; path = CameraViewController.swift; sourceTree = "<group>"; };
		83783C28240E55360053BE3F /* PostCell.swift */ = {isa = PBXFileReference; lastKnownFileType = sourcecode.swift; path = PostCell.swift; sourceTree = "<group>"; };
		83C7C52D240A573B000AF6F5 /* Cap.app */ = {isa = PBXFileReference; explicitFileType = wrapper.application; includeInIndex = 0; path = Cap.app; sourceTree = BUILT_PRODUCTS_DIR; };
		83C7C530240A573B000AF6F5 /* AppDelegate.swift */ = {isa = PBXFileReference; lastKnownFileType = sourcecode.swift; path = AppDelegate.swift; sourceTree = "<group>"; };
		83C7C532240A573B000AF6F5 /* SceneDelegate.swift */ = {isa = PBXFileReference; lastKnownFileType = sourcecode.swift; path = SceneDelegate.swift; sourceTree = "<group>"; };
		83C7C537240A573B000AF6F5 /* Base */ = {isa = PBXFileReference; lastKnownFileType = file.storyboard; name = Base; path = Base.lproj/Main.storyboard; sourceTree = "<group>"; };
		83C7C539240A573D000AF6F5 /* Assets.xcassets */ = {isa = PBXFileReference; lastKnownFileType = folder.assetcatalog; path = Assets.xcassets; sourceTree = "<group>"; };
		83C7C53C240A573D000AF6F5 /* Base */ = {isa = PBXFileReference; lastKnownFileType = file.storyboard; name = Base; path = Base.lproj/LaunchScreen.storyboard; sourceTree = "<group>"; };
		83C7C53E240A573D000AF6F5 /* Info.plist */ = {isa = PBXFileReference; lastKnownFileType = text.plist.xml; path = Info.plist; sourceTree = "<group>"; };
		83C7C543240A573D000AF6F5 /* CapTests.xctest */ = {isa = PBXFileReference; explicitFileType = wrapper.cfbundle; includeInIndex = 0; path = CapTests.xctest; sourceTree = BUILT_PRODUCTS_DIR; };
		83C7C547240A573D000AF6F5 /* CapTests.swift */ = {isa = PBXFileReference; lastKnownFileType = sourcecode.swift; path = CapTests.swift; sourceTree = "<group>"; };
		83C7C549240A573D000AF6F5 /* Info.plist */ = {isa = PBXFileReference; lastKnownFileType = text.plist.xml; path = Info.plist; sourceTree = "<group>"; };
		83C7C54E240A573D000AF6F5 /* CapUITests.xctest */ = {isa = PBXFileReference; explicitFileType = wrapper.cfbundle; includeInIndex = 0; path = CapUITests.xctest; sourceTree = BUILT_PRODUCTS_DIR; };
		83C7C552240A573D000AF6F5 /* CapUITests.swift */ = {isa = PBXFileReference; lastKnownFileType = sourcecode.swift; path = CapUITests.swift; sourceTree = "<group>"; };
		83C7C554240A573D000AF6F5 /* Info.plist */ = {isa = PBXFileReference; lastKnownFileType = text.plist.xml; path = Info.plist; sourceTree = "<group>"; };
		83C7C562240A5A85000AF6F5 /* FeedViewController.swift */ = {isa = PBXFileReference; lastKnownFileType = sourcecode.swift; path = FeedViewController.swift; sourceTree = "<group>"; };
		83C7C566240A601C000AF6F5 /* LoginViewController.swift */ = {isa = PBXFileReference; lastKnownFileType = sourcecode.swift; path = LoginViewController.swift; sourceTree = "<group>"; };
		AF53BFFF020EA3A2A751ABB6 /* Pods-Cap.debug.xcconfig */ = {isa = PBXFileReference; includeInIndex = 1; lastKnownFileType = text.xcconfig; name = "Pods-Cap.debug.xcconfig"; path = "Target Support Files/Pods-Cap/Pods-Cap.debug.xcconfig"; sourceTree = "<group>"; };
/* End PBXFileReference section */

/* Begin PBXFrameworksBuildPhase section */
		83C7C52A240A573B000AF6F5 /* Frameworks */ = {
			isa = PBXFrameworksBuildPhase;
			buildActionMask = 2147483647;
			files = (
				0438DE791598B924CD66E77C /* Pods_Cap.framework in Frameworks */,
			);
			runOnlyForDeploymentPostprocessing = 0;
		};
		83C7C540240A573D000AF6F5 /* Frameworks */ = {
			isa = PBXFrameworksBuildPhase;
			buildActionMask = 2147483647;
			files = (
				7259F580AEB10E7802356341 /* Pods_CapTests.framework in Frameworks */,
			);
			runOnlyForDeploymentPostprocessing = 0;
		};
		83C7C54B240A573D000AF6F5 /* Frameworks */ = {
			isa = PBXFrameworksBuildPhase;
			buildActionMask = 2147483647;
			files = (
				9860F75A350AB83E451CABAB /* Pods_Cap_CapUITests.framework in Frameworks */,
			);
			runOnlyForDeploymentPostprocessing = 0;
		};
/* End PBXFrameworksBuildPhase section */

/* Begin PBXGroup section */
		83C7C524240A573B000AF6F5 = {
			isa = PBXGroup;
			children = (
				83C7C52F240A573B000AF6F5 /* Cap */,
				83C7C546240A573D000AF6F5 /* CapTests */,
				83C7C551240A573D000AF6F5 /* CapUITests */,
				83C7C52E240A573B000AF6F5 /* Products */,
				93836887283CCAF138D14243 /* Pods */,
				DEDBA067CE0D3CD668CE6F88 /* Frameworks */,
			);
			sourceTree = "<group>";
		};
		83C7C52E240A573B000AF6F5 /* Products */ = {
			isa = PBXGroup;
			children = (
				83C7C52D240A573B000AF6F5 /* Cap.app */,
				83C7C543240A573D000AF6F5 /* CapTests.xctest */,
				83C7C54E240A573D000AF6F5 /* CapUITests.xctest */,
			);
			name = Products;
			sourceTree = "<group>";
		};
		83C7C52F240A573B000AF6F5 /* Cap */ = {
			isa = PBXGroup;
			children = (
				830C34AE2412CA4500D8289E /* Cap.entitlements */,
				83C7C530240A573B000AF6F5 /* AppDelegate.swift */,
				83C7C536240A573B000AF6F5 /* Main.storyboard */,
				83C7C532240A573B000AF6F5 /* SceneDelegate.swift */,
				83C7C539240A573D000AF6F5 /* Assets.xcassets */,
				83C7C53B240A573D000AF6F5 /* LaunchScreen.storyboard */,
				83C7C53E240A573D000AF6F5 /* Info.plist */,
				83C7C562240A5A85000AF6F5 /* FeedViewController.swift */,
				83C7C566240A601C000AF6F5 /* LoginViewController.swift */,
				83783C26240E36FF0053BE3F /* CameraViewController.swift */,
				83783C28240E55360053BE3F /* PostCell.swift */,
			);
			path = Cap;
			sourceTree = "<group>";
		};
		83C7C546240A573D000AF6F5 /* CapTests */ = {
			isa = PBXGroup;
			children = (
				83C7C547240A573D000AF6F5 /* CapTests.swift */,
				83C7C549240A573D000AF6F5 /* Info.plist */,
			);
			path = CapTests;
			sourceTree = "<group>";
		};
		83C7C551240A573D000AF6F5 /* CapUITests */ = {
			isa = PBXGroup;
			children = (
				83C7C552240A573D000AF6F5 /* CapUITests.swift */,
				83C7C554240A573D000AF6F5 /* Info.plist */,
			);
			path = CapUITests;
			sourceTree = "<group>";
		};
		93836887283CCAF138D14243 /* Pods */ = {
			isa = PBXGroup;
			children = (
				AF53BFFF020EA3A2A751ABB6 /* Pods-Cap.debug.xcconfig */,
				3DD93F7ED2BCB3A043472A97 /* Pods-Cap.release.xcconfig */,
				1DB09CE7E608C04A050F698A /* Pods-Cap-CapUITests.debug.xcconfig */,
				51B7783E85986B15F1CE6A42 /* Pods-Cap-CapUITests.release.xcconfig */,
				29E75E352E586F6739632989 /* Pods-CapTests.debug.xcconfig */,
				4D2EF46F512D3D3F390C9318 /* Pods-CapTests.release.xcconfig */,
			);
			path = Pods;
			sourceTree = "<group>";
		};
		DEDBA067CE0D3CD668CE6F88 /* Frameworks */ = {
			isa = PBXGroup;
			children = (
				1D677971B9B4213ECA0DBF25 /* Pods_Cap.framework */,
				0AE213C34F8A6A459168C149 /* Pods_Cap_CapUITests.framework */,
				44E30078E8E2FE1A2DD69105 /* Pods_CapTests.framework */,
			);
			name = Frameworks;
			sourceTree = "<group>";
		};
/* End PBXGroup section */

/* Begin PBXNativeTarget section */
		83C7C52C240A573B000AF6F5 /* Cap */ = {
			isa = PBXNativeTarget;
			buildConfigurationList = 83C7C557240A573D000AF6F5 /* Build configuration list for PBXNativeTarget "Cap" */;
			buildPhases = (
				0A3D3280B67129C27FE95D9D /* [CP] Check Pods Manifest.lock */,
				83C7C529240A573B000AF6F5 /* Sources */,
				83C7C52A240A573B000AF6F5 /* Frameworks */,
				83C7C52B240A573B000AF6F5 /* Resources */,
				80E38B80CB8CE62C7C342E49 /* [CP] Embed Pods Frameworks */,
			);
			buildRules = (
			);
			dependencies = (
			);
			name = Cap;
			productName = Cap;
			productReference = 83C7C52D240A573B000AF6F5 /* Cap.app */;
			productType = "com.apple.product-type.application";
		};
		83C7C542240A573D000AF6F5 /* CapTests */ = {
			isa = PBXNativeTarget;
			buildConfigurationList = 83C7C55A240A573D000AF6F5 /* Build configuration list for PBXNativeTarget "CapTests" */;
			buildPhases = (
				6C9C4785517A214A7C9E5444 /* [CP] Check Pods Manifest.lock */,
				83C7C53F240A573D000AF6F5 /* Sources */,
				83C7C540240A573D000AF6F5 /* Frameworks */,
				83C7C541240A573D000AF6F5 /* Resources */,
			);
			buildRules = (
			);
			dependencies = (
				83C7C545240A573D000AF6F5 /* PBXTargetDependency */,
			);
			name = CapTests;
			productName = CapTests;
			productReference = 83C7C543240A573D000AF6F5 /* CapTests.xctest */;
			productType = "com.apple.product-type.bundle.unit-test";
		};
		83C7C54D240A573D000AF6F5 /* CapUITests */ = {
			isa = PBXNativeTarget;
			buildConfigurationList = 83C7C55D240A573D000AF6F5 /* Build configuration list for PBXNativeTarget "CapUITests" */;
			buildPhases = (
				BA73E0840E33FC5EBC68C2C9 /* [CP] Check Pods Manifest.lock */,
				83C7C54A240A573D000AF6F5 /* Sources */,
				83C7C54B240A573D000AF6F5 /* Frameworks */,
				83C7C54C240A573D000AF6F5 /* Resources */,
				BD4EF35D49574CCB4B7B7A8B /* [CP] Embed Pods Frameworks */,
			);
			buildRules = (
			);
			dependencies = (
				83C7C550240A573D000AF6F5 /* PBXTargetDependency */,
			);
			name = CapUITests;
			productName = CapUITests;
			productReference = 83C7C54E240A573D000AF6F5 /* CapUITests.xctest */;
			productType = "com.apple.product-type.bundle.ui-testing";
		};
/* End PBXNativeTarget section */

/* Begin PBXProject section */
		83C7C525240A573B000AF6F5 /* Project object */ = {
			isa = PBXProject;
			attributes = {
				LastSwiftUpdateCheck = 1130;
				LastUpgradeCheck = 1130;
				ORGANIZATIONNAME = "Johann Olivares";
				TargetAttributes = {
					83C7C52C240A573B000AF6F5 = {
						CreatedOnToolsVersion = 11.3.1;
					};
					83C7C542240A573D000AF6F5 = {
						CreatedOnToolsVersion = 11.3.1;
						TestTargetID = 83C7C52C240A573B000AF6F5;
					};
					83C7C54D240A573D000AF6F5 = {
						CreatedOnToolsVersion = 11.3.1;
						TestTargetID = 83C7C52C240A573B000AF6F5;
					};
				};
			};
			buildConfigurationList = 83C7C528240A573B000AF6F5 /* Build configuration list for PBXProject "Cap" */;
			compatibilityVersion = "Xcode 9.3";
			developmentRegion = en;
			hasScannedForEncodings = 0;
			knownRegions = (
				en,
				Base,
			);
			mainGroup = 83C7C524240A573B000AF6F5;
			productRefGroup = 83C7C52E240A573B000AF6F5 /* Products */;
			projectDirPath = "";
			projectRoot = "";
			targets = (
				83C7C52C240A573B000AF6F5 /* Cap */,
				83C7C542240A573D000AF6F5 /* CapTests */,
				83C7C54D240A573D000AF6F5 /* CapUITests */,
			);
		};
/* End PBXProject section */

/* Begin PBXResourcesBuildPhase section */
		83C7C52B240A573B000AF6F5 /* Resources */ = {
			isa = PBXResourcesBuildPhase;
			buildActionMask = 2147483647;
			files = (
				83C7C53D240A573D000AF6F5 /* LaunchScreen.storyboard in Resources */,
				83C7C53A240A573D000AF6F5 /* Assets.xcassets in Resources */,
				83C7C538240A573B000AF6F5 /* Main.storyboard in Resources */,
			);
			runOnlyForDeploymentPostprocessing = 0;
		};
		83C7C541240A573D000AF6F5 /* Resources */ = {
			isa = PBXResourcesBuildPhase;
			buildActionMask = 2147483647;
			files = (
			);
			runOnlyForDeploymentPostprocessing = 0;
		};
		83C7C54C240A573D000AF6F5 /* Resources */ = {
			isa = PBXResourcesBuildPhase;
			buildActionMask = 2147483647;
			files = (
			);
			runOnlyForDeploymentPostprocessing = 0;
		};
/* End PBXResourcesBuildPhase section */

/* Begin PBXShellScriptBuildPhase section */
		0A3D3280B67129C27FE95D9D /* [CP] Check Pods Manifest.lock */ = {
			isa = PBXShellScriptBuildPhase;
			buildActionMask = 2147483647;
			files = (
			);
			inputFileListPaths = (
			);
			inputPaths = (
				"${PODS_PODFILE_DIR_PATH}/Podfile.lock",
				"${PODS_ROOT}/Manifest.lock",
			);
			name = "[CP] Check Pods Manifest.lock";
			outputFileListPaths = (
			);
			outputPaths = (
				"$(DERIVED_FILE_DIR)/Pods-Cap-checkManifestLockResult.txt",
			);
			runOnlyForDeploymentPostprocessing = 0;
			shellPath = /bin/sh;
			shellScript = "diff \"${PODS_PODFILE_DIR_PATH}/Podfile.lock\" \"${PODS_ROOT}/Manifest.lock\" > /dev/null\nif [ $? != 0 ] ; then\n    # print error to STDERR\n    echo \"error: The sandbox is not in sync with the Podfile.lock. Run 'pod install' or update your CocoaPods installation.\" >&2\n    exit 1\nfi\n# This output is used by Xcode 'outputs' to avoid re-running this script phase.\necho \"SUCCESS\" > \"${SCRIPT_OUTPUT_FILE_0}\"\n";
			showEnvVarsInLog = 0;
		};
		6C9C4785517A214A7C9E5444 /* [CP] Check Pods Manifest.lock */ = {
			isa = PBXShellScriptBuildPhase;
			buildActionMask = 2147483647;
			files = (
			);
			inputFileListPaths = (
			);
			inputPaths = (
				"${PODS_PODFILE_DIR_PATH}/Podfile.lock",
				"${PODS_ROOT}/Manifest.lock",
			);
			name = "[CP] Check Pods Manifest.lock";
			outputFileListPaths = (
			);
			outputPaths = (
				"$(DERIVED_FILE_DIR)/Pods-CapTests-checkManifestLockResult.txt",
			);
			runOnlyForDeploymentPostprocessing = 0;
			shellPath = /bin/sh;
			shellScript = "diff \"${PODS_PODFILE_DIR_PATH}/Podfile.lock\" \"${PODS_ROOT}/Manifest.lock\" > /dev/null\nif [ $? != 0 ] ; then\n    # print error to STDERR\n    echo \"error: The sandbox is not in sync with the Podfile.lock. Run 'pod install' or update your CocoaPods installation.\" >&2\n    exit 1\nfi\n# This output is used by Xcode 'outputs' to avoid re-running this script phase.\necho \"SUCCESS\" > \"${SCRIPT_OUTPUT_FILE_0}\"\n";
			showEnvVarsInLog = 0;
		};
		80E38B80CB8CE62C7C342E49 /* [CP] Embed Pods Frameworks */ = {
			isa = PBXShellScriptBuildPhase;
			buildActionMask = 2147483647;
			files = (
			);
			inputFileListPaths = (
				"${PODS_ROOT}/Target Support Files/Pods-Cap/Pods-Cap-frameworks-${CONFIGURATION}-input-files.xcfilelist",
			);
			name = "[CP] Embed Pods Frameworks";
			outputFileListPaths = (
				"${PODS_ROOT}/Target Support Files/Pods-Cap/Pods-Cap-frameworks-${CONFIGURATION}-output-files.xcfilelist",
			);
			runOnlyForDeploymentPostprocessing = 0;
			shellPath = /bin/sh;
			shellScript = "\"${PODS_ROOT}/Target Support Files/Pods-Cap/Pods-Cap-frameworks.sh\"\n";
			showEnvVarsInLog = 0;
		};
		BA73E0840E33FC5EBC68C2C9 /* [CP] Check Pods Manifest.lock */ = {
			isa = PBXShellScriptBuildPhase;
			buildActionMask = 2147483647;
			files = (
			);
			inputFileListPaths = (
			);
			inputPaths = (
				"${PODS_PODFILE_DIR_PATH}/Podfile.lock",
				"${PODS_ROOT}/Manifest.lock",
			);
			name = "[CP] Check Pods Manifest.lock";
			outputFileListPaths = (
			);
			outputPaths = (
				"$(DERIVED_FILE_DIR)/Pods-Cap-CapUITests-checkManifestLockResult.txt",
			);
			runOnlyForDeploymentPostprocessing = 0;
			shellPath = /bin/sh;
			shellScript = "diff \"${PODS_PODFILE_DIR_PATH}/Podfile.lock\" \"${PODS_ROOT}/Manifest.lock\" > /dev/null\nif [ $? != 0 ] ; then\n    # print error to STDERR\n    echo \"error: The sandbox is not in sync with the Podfile.lock. Run 'pod install' or update your CocoaPods installation.\" >&2\n    exit 1\nfi\n# This output is used by Xcode 'outputs' to avoid re-running this script phase.\necho \"SUCCESS\" > \"${SCRIPT_OUTPUT_FILE_0}\"\n";
			showEnvVarsInLog = 0;
		};
		BD4EF35D49574CCB4B7B7A8B /* [CP] Embed Pods Frameworks */ = {
			isa = PBXShellScriptBuildPhase;
			buildActionMask = 2147483647;
			files = (
			);
			inputFileListPaths = (
				"${PODS_ROOT}/Target Support Files/Pods-Cap-CapUITests/Pods-Cap-CapUITests-frameworks-${CONFIGURATION}-input-files.xcfilelist",
			);
			name = "[CP] Embed Pods Frameworks";
			outputFileListPaths = (
				"${PODS_ROOT}/Target Support Files/Pods-Cap-CapUITests/Pods-Cap-CapUITests-frameworks-${CONFIGURATION}-output-files.xcfilelist",
			);
			runOnlyForDeploymentPostprocessing = 0;
			shellPath = /bin/sh;
			shellScript = "\"${PODS_ROOT}/Target Support Files/Pods-Cap-CapUITests/Pods-Cap-CapUITests-frameworks.sh\"\n";
			showEnvVarsInLog = 0;
		};
/* End PBXShellScriptBuildPhase section */

/* Begin PBXSourcesBuildPhase section */
		83C7C529240A573B000AF6F5 /* Sources */ = {
			isa = PBXSourcesBuildPhase;
			buildActionMask = 2147483647;
			files = (
				83C7C567240A601C000AF6F5 /* LoginViewController.swift in Sources */,
				83783C27240E36FF0053BE3F /* CameraViewController.swift in Sources */,
				83C7C531240A573B000AF6F5 /* AppDelegate.swift in Sources */,
				83C7C533240A573B000AF6F5 /* SceneDelegate.swift in Sources */,
				83C7C563240A5A85000AF6F5 /* FeedViewController.swift in Sources */,
				83783C29240E55360053BE3F /* PostCell.swift in Sources */,
			);
			runOnlyForDeploymentPostprocessing = 0;
		};
		83C7C53F240A573D000AF6F5 /* Sources */ = {
			isa = PBXSourcesBuildPhase;
			buildActionMask = 2147483647;
			files = (
				83C7C548240A573D000AF6F5 /* CapTests.swift in Sources */,
			);
			runOnlyForDeploymentPostprocessing = 0;
		};
		83C7C54A240A573D000AF6F5 /* Sources */ = {
			isa = PBXSourcesBuildPhase;
			buildActionMask = 2147483647;
			files = (
				83C7C553240A573D000AF6F5 /* CapUITests.swift in Sources */,
			);
			runOnlyForDeploymentPostprocessing = 0;
		};
/* End PBXSourcesBuildPhase section */

/* Begin PBXTargetDependency section */
		83C7C545240A573D000AF6F5 /* PBXTargetDependency */ = {
			isa = PBXTargetDependency;
			target = 83C7C52C240A573B000AF6F5 /* Cap */;
			targetProxy = 83C7C544240A573D000AF6F5 /* PBXContainerItemProxy */;
		};
		83C7C550240A573D000AF6F5 /* PBXTargetDependency */ = {
			isa = PBXTargetDependency;
			target = 83C7C52C240A573B000AF6F5 /* Cap */;
			targetProxy = 83C7C54F240A573D000AF6F5 /* PBXContainerItemProxy */;
		};
/* End PBXTargetDependency section */

/* Begin PBXVariantGroup section */
		83C7C536240A573B000AF6F5 /* Main.storyboard */ = {
			isa = PBXVariantGroup;
			children = (
				83C7C537240A573B000AF6F5 /* Base */,
			);
			name = Main.storyboard;
			sourceTree = "<group>";
		};
		83C7C53B240A573D000AF6F5 /* LaunchScreen.storyboard */ = {
			isa = PBXVariantGroup;
			children = (
				83C7C53C240A573D000AF6F5 /* Base */,
			);
			name = LaunchScreen.storyboard;
			sourceTree = "<group>";
		};
/* End PBXVariantGroup section */

/* Begin XCBuildConfiguration section */
		83C7C555240A573D000AF6F5 /* Debug */ = {
			isa = XCBuildConfiguration;
			buildSettings = {
				ALWAYS_SEARCH_USER_PATHS = NO;
				CLANG_ANALYZER_NONNULL = YES;
				CLANG_ANALYZER_NUMBER_OBJECT_CONVERSION = YES_AGGRESSIVE;
				CLANG_CXX_LANGUAGE_STANDARD = "gnu++14";
				CLANG_CXX_LIBRARY = "libc++";
				CLANG_ENABLE_MODULES = YES;
				CLANG_ENABLE_OBJC_ARC = YES;
				CLANG_ENABLE_OBJC_WEAK = YES;
				CLANG_WARN_BLOCK_CAPTURE_AUTORELEASING = YES;
				CLANG_WARN_BOOL_CONVERSION = YES;
				CLANG_WARN_COMMA = YES;
				CLANG_WARN_CONSTANT_CONVERSION = YES;
				CLANG_WARN_DEPRECATED_OBJC_IMPLEMENTATIONS = YES;
				CLANG_WARN_DIRECT_OBJC_ISA_USAGE = YES_ERROR;
				CLANG_WARN_DOCUMENTATION_COMMENTS = YES;
				CLANG_WARN_EMPTY_BODY = YES;
				CLANG_WARN_ENUM_CONVERSION = YES;
				CLANG_WARN_INFINITE_RECURSION = YES;
				CLANG_WARN_INT_CONVERSION = YES;
				CLANG_WARN_NON_LITERAL_NULL_CONVERSION = YES;
				CLANG_WARN_OBJC_IMPLICIT_RETAIN_SELF = YES;
				CLANG_WARN_OBJC_LITERAL_CONVERSION = YES;
				CLANG_WARN_OBJC_ROOT_CLASS = YES_ERROR;
				CLANG_WARN_RANGE_LOOP_ANALYSIS = YES;
				CLANG_WARN_STRICT_PROTOTYPES = YES;
				CLANG_WARN_SUSPICIOUS_MOVE = YES;
				CLANG_WARN_UNGUARDED_AVAILABILITY = YES_AGGRESSIVE;
				CLANG_WARN_UNREACHABLE_CODE = YES;
				CLANG_WARN__DUPLICATE_METHOD_MATCH = YES;
				COPY_PHASE_STRIP = NO;
				DEBUG_INFORMATION_FORMAT = dwarf;
				ENABLE_STRICT_OBJC_MSGSEND = YES;
				ENABLE_TESTABILITY = YES;
				GCC_C_LANGUAGE_STANDARD = gnu11;
				GCC_DYNAMIC_NO_PIC = NO;
				GCC_NO_COMMON_BLOCKS = YES;
				GCC_OPTIMIZATION_LEVEL = 0;
				GCC_PREPROCESSOR_DEFINITIONS = (
					"DEBUG=1",
					"$(inherited)",
				);
				GCC_WARN_64_TO_32_BIT_CONVERSION = YES;
				GCC_WARN_ABOUT_RETURN_TYPE = YES_ERROR;
				GCC_WARN_UNDECLARED_SELECTOR = YES;
				GCC_WARN_UNINITIALIZED_AUTOS = YES_AGGRESSIVE;
				GCC_WARN_UNUSED_FUNCTION = YES;
				GCC_WARN_UNUSED_VARIABLE = YES;
				IPHONEOS_DEPLOYMENT_TARGET = 13.2;
				MTL_ENABLE_DEBUG_INFO = INCLUDE_SOURCE;
				MTL_FAST_MATH = YES;
				ONLY_ACTIVE_ARCH = YES;
				SDKROOT = iphoneos;
				SWIFT_ACTIVE_COMPILATION_CONDITIONS = DEBUG;
				SWIFT_OPTIMIZATION_LEVEL = "-Onone";
			};
			name = Debug;
		};
		83C7C556240A573D000AF6F5 /* Release */ = {
			isa = XCBuildConfiguration;
			buildSettings = {
				ALWAYS_SEARCH_USER_PATHS = NO;
				CLANG_ANALYZER_NONNULL = YES;
				CLANG_ANALYZER_NUMBER_OBJECT_CONVERSION = YES_AGGRESSIVE;
				CLANG_CXX_LANGUAGE_STANDARD = "gnu++14";
				CLANG_CXX_LIBRARY = "libc++";
				CLANG_ENABLE_MODULES = YES;
				CLANG_ENABLE_OBJC_ARC = YES;
				CLANG_ENABLE_OBJC_WEAK = YES;
				CLANG_WARN_BLOCK_CAPTURE_AUTORELEASING = YES;
				CLANG_WARN_BOOL_CONVERSION = YES;
				CLANG_WARN_COMMA = YES;
				CLANG_WARN_CONSTANT_CONVERSION = YES;
				CLANG_WARN_DEPRECATED_OBJC_IMPLEMENTATIONS = YES;
				CLANG_WARN_DIRECT_OBJC_ISA_USAGE = YES_ERROR;
				CLANG_WARN_DOCUMENTATION_COMMENTS = YES;
				CLANG_WARN_EMPTY_BODY = YES;
				CLANG_WARN_ENUM_CONVERSION = YES;
				CLANG_WARN_INFINITE_RECURSION = YES;
				CLANG_WARN_INT_CONVERSION = YES;
				CLANG_WARN_NON_LITERAL_NULL_CONVERSION = YES;
				CLANG_WARN_OBJC_IMPLICIT_RETAIN_SELF = YES;
				CLANG_WARN_OBJC_LITERAL_CONVERSION = YES;
				CLANG_WARN_OBJC_ROOT_CLASS = YES_ERROR;
				CLANG_WARN_RANGE_LOOP_ANALYSIS = YES;
				CLANG_WARN_STRICT_PROTOTYPES = YES;
				CLANG_WARN_SUSPICIOUS_MOVE = YES;
				CLANG_WARN_UNGUARDED_AVAILABILITY = YES_AGGRESSIVE;
				CLANG_WARN_UNREACHABLE_CODE = YES;
				CLANG_WARN__DUPLICATE_METHOD_MATCH = YES;
				COPY_PHASE_STRIP = NO;
				DEBUG_INFORMATION_FORMAT = "dwarf-with-dsym";
				ENABLE_NS_ASSERTIONS = NO;
				ENABLE_STRICT_OBJC_MSGSEND = YES;
				GCC_C_LANGUAGE_STANDARD = gnu11;
				GCC_NO_COMMON_BLOCKS = YES;
				GCC_WARN_64_TO_32_BIT_CONVERSION = YES;
				GCC_WARN_ABOUT_RETURN_TYPE = YES_ERROR;
				GCC_WARN_UNDECLARED_SELECTOR = YES;
				GCC_WARN_UNINITIALIZED_AUTOS = YES_AGGRESSIVE;
				GCC_WARN_UNUSED_FUNCTION = YES;
				GCC_WARN_UNUSED_VARIABLE = YES;
				IPHONEOS_DEPLOYMENT_TARGET = 13.2;
				MTL_ENABLE_DEBUG_INFO = NO;
				MTL_FAST_MATH = YES;
				SDKROOT = iphoneos;
				SWIFT_COMPILATION_MODE = wholemodule;
				SWIFT_OPTIMIZATION_LEVEL = "-O";
				VALIDATE_PRODUCT = YES;
			};
			name = Release;
		};
		83C7C558240A573D000AF6F5 /* Debug */ = {
			isa = XCBuildConfiguration;
			baseConfigurationReference = AF53BFFF020EA3A2A751ABB6 /* Pods-Cap.debug.xcconfig */;
			buildSettings = {
				ASSETCATALOG_COMPILER_APPICON_NAME = AppIcon;
				CODE_SIGN_ENTITLEMENTS = Cap/Cap.entitlements;
				CODE_SIGN_IDENTITY = "Apple Development";
				"CODE_SIGN_IDENTITY[sdk=macosx*]" = "-";
				CODE_SIGN_STYLE = Automatic;
				DEVELOPMENT_TEAM = T4DT48WUJ8;
				INFOPLIST_FILE = Cap/Info.plist;
				LD_RUNPATH_SEARCH_PATHS = (
					"$(inherited)",
					"@executable_path/Frameworks",
				);
				PRODUCT_BUNDLE_IDENTIFIER = Johann.Cap;
				PRODUCT_NAME = "$(TARGET_NAME)";
				PROVISIONING_PROFILE_SPECIFIER = "";
				SUPPORTS_MACCATALYST = NO;
				SWIFT_VERSION = 5.0;
				TARGETED_DEVICE_FAMILY = "1,2";
			};
			name = Debug;
		};
		83C7C559240A573D000AF6F5 /* Release */ = {
			isa = XCBuildConfiguration;
			baseConfigurationReference = 3DD93F7ED2BCB3A043472A97 /* Pods-Cap.release.xcconfig */;
			buildSettings = {
				ASSETCATALOG_COMPILER_APPICON_NAME = AppIcon;
				CODE_SIGN_ENTITLEMENTS = Cap/Cap.entitlements;
				CODE_SIGN_IDENTITY = "Apple Development";
				CODE_SIGN_STYLE = Automatic;
				DEVELOPMENT_TEAM = T4DT48WUJ8;
				INFOPLIST_FILE = Cap/Info.plist;
				LD_RUNPATH_SEARCH_PATHS = (
					"$(inherited)",
					"@executable_path/Frameworks",
				);
				PRODUCT_BUNDLE_IDENTIFIER = Johann.Cap;
				PRODUCT_NAME = "$(TARGET_NAME)";
				PROVISIONING_PROFILE_SPECIFIER = "";
				SUPPORTS_MACCATALYST = NO;
				SWIFT_VERSION = 5.0;
				TARGETED_DEVICE_FAMILY = "1,2";
			};
			name = Release;
		};
		83C7C55B240A573D000AF6F5 /* Debug */ = {
			isa = XCBuildConfiguration;
			baseConfigurationReference = 29E75E352E586F6739632989 /* Pods-CapTests.debug.xcconfig */;
			buildSettings = {
				ALWAYS_EMBED_SWIFT_STANDARD_LIBRARIES = YES;
				BUNDLE_LOADER = "$(TEST_HOST)";
				CODE_SIGN_STYLE = Automatic;
				INFOPLIST_FILE = CapTests/Info.plist;
				IPHONEOS_DEPLOYMENT_TARGET = 13.2;
				LD_RUNPATH_SEARCH_PATHS = (
					"$(inherited)",
					"@executable_path/Frameworks",
					"@loader_path/Frameworks",
				);
				PRODUCT_BUNDLE_IDENTIFIER = Johann.CapTests;
				PRODUCT_NAME = "$(TARGET_NAME)";
				SWIFT_VERSION = 5.0;
				TARGETED_DEVICE_FAMILY = "1,2";
				TEST_HOST = "$(BUILT_PRODUCTS_DIR)/Cap.app/Cap";
			};
			name = Debug;
		};
		83C7C55C240A573D000AF6F5 /* Release */ = {
			isa = XCBuildConfiguration;
			baseConfigurationReference = 4D2EF46F512D3D3F390C9318 /* Pods-CapTests.release.xcconfig */;
			buildSettings = {
				ALWAYS_EMBED_SWIFT_STANDARD_LIBRARIES = YES;
				BUNDLE_LOADER = "$(TEST_HOST)";
				CODE_SIGN_STYLE = Automatic;
				INFOPLIST_FILE = CapTests/Info.plist;
				IPHONEOS_DEPLOYMENT_TARGET = 13.2;
				LD_RUNPATH_SEARCH_PATHS = (
					"$(inherited)",
					"@executable_path/Frameworks",
					"@loader_path/Frameworks",
				);
				PRODUCT_BUNDLE_IDENTIFIER = Johann.CapTests;
				PRODUCT_NAME = "$(TARGET_NAME)";
				SWIFT_VERSION = 5.0;
				TARGETED_DEVICE_FAMILY = "1,2";
				TEST_HOST = "$(BUILT_PRODUCTS_DIR)/Cap.app/Cap";
			};
			name = Release;
		};
		83C7C55E240A573D000AF6F5 /* Debug */ = {
			isa = XCBuildConfiguration;
			baseConfigurationReference = 1DB09CE7E608C04A050F698A /* Pods-Cap-CapUITests.debug.xcconfig */;
			buildSettings = {
				ALWAYS_EMBED_SWIFT_STANDARD_LIBRARIES = YES;
				CODE_SIGN_STYLE = Automatic;
				INFOPLIST_FILE = CapUITests/Info.plist;
				LD_RUNPATH_SEARCH_PATHS = (
					"$(inherited)",
					"@executable_path/Frameworks",
					"@loader_path/Frameworks",
				);
				PRODUCT_BUNDLE_IDENTIFIER = Johann.CapUITests;
				PRODUCT_NAME = "$(TARGET_NAME)";
				SWIFT_VERSION = 5.0;
				TARGETED_DEVICE_FAMILY = "1,2";
				TEST_TARGET_NAME = Cap;
			};
			name = Debug;
		};
		83C7C55F240A573D000AF6F5 /* Release */ = {
			isa = XCBuildConfiguration;
			baseConfigurationReference = 51B7783E85986B15F1CE6A42 /* Pods-Cap-CapUITests.release.xcconfig */;
			buildSettings = {
				ALWAYS_EMBED_SWIFT_STANDARD_LIBRARIES = YES;
				CODE_SIGN_STYLE = Automatic;
				INFOPLIST_FILE = CapUITests/Info.plist;
				LD_RUNPATH_SEARCH_PATHS = (
					"$(inherited)",
					"@executable_path/Frameworks",
					"@loader_path/Frameworks",
				);
				PRODUCT_BUNDLE_IDENTIFIER = Johann.CapUITests;
				PRODUCT_NAME = "$(TARGET_NAME)";
				SWIFT_VERSION = 5.0;
				TARGETED_DEVICE_FAMILY = "1,2";
				TEST_TARGET_NAME = Cap;
			};
			name = Release;
		};
/* End XCBuildConfiguration section */

/* Begin XCConfigurationList section */
		83C7C528240A573B000AF6F5 /* Build configuration list for PBXProject "Cap" */ = {
			isa = XCConfigurationList;
			buildConfigurations = (
				83C7C555240A573D000AF6F5 /* Debug */,
				83C7C556240A573D000AF6F5 /* Release */,
			);
			defaultConfigurationIsVisible = 0;
			defaultConfigurationName = Release;
		};
		83C7C557240A573D000AF6F5 /* Build configuration list for PBXNativeTarget "Cap" */ = {
			isa = XCConfigurationList;
			buildConfigurations = (
				83C7C558240A573D000AF6F5 /* Debug */,
				83C7C559240A573D000AF6F5 /* Release */,
			);
			defaultConfigurationIsVisible = 0;
			defaultConfigurationName = Release;
		};
		83C7C55A240A573D000AF6F5 /* Build configuration list for PBXNativeTarget "CapTests" */ = {
			isa = XCConfigurationList;
			buildConfigurations = (
				83C7C55B240A573D000AF6F5 /* Debug */,
				83C7C55C240A573D000AF6F5 /* Release */,
			);
			defaultConfigurationIsVisible = 0;
			defaultConfigurationName = Release;
		};
		83C7C55D240A573D000AF6F5 /* Build configuration list for PBXNativeTarget "CapUITests" */ = {
			isa = XCConfigurationList;
			buildConfigurations = (
				83C7C55E240A573D000AF6F5 /* Debug */,
				83C7C55F240A573D000AF6F5 /* Release */,
			);
			defaultConfigurationIsVisible = 0;
			defaultConfigurationName = Release;
		};
/* End XCConfigurationList section */
	};
	rootObject = 83C7C525240A573B000AF6F5 /* Project object */;
}
